
Microsoft Visual Studio Solution File, Format Version 12.00
# Visual Studio 14
VisualStudioVersion = 14.0.25420.1
MinimumVisualStudioVersion = 10.0.40219.1
Project("{FAE04EC0-301F-11D3-BF4B-00C04F79EFBC}") = "mirta", "mirta\mirta.csproj", "{8EAA3B51-DA27-4E7E-9E68-8BA4B6155EA1}"
EndProject
Global
	GlobalSection(SolutionConfigurationPlatforms) = preSolution
		Debug|Any CPU = Debug|Any CPU
		Release|Any CPU = Release|Any CPU
	EndGlobalSection
	GlobalSection(ProjectConfigurationPlatforms) = postSolution
		{8EAA3B51-DA27-4E7E-9E68-8BA4B6155EA1}.Debug|Any CPU.ActiveCfg = Debug|Any CPU
		{8EAA3B51-DA27-4E7E-9E68-8BA4B6155EA1}.Debug|Any CPU.Build.0 = Debug|Any CPU
		{8EAA3B51-DA27-4E7E-9E68-8BA4B6155EA1}.Release|Any CPU.ActiveCfg = Release|Any CPU
		{8EAA3B51-DA27-4E7E-9E68-8BA4B6155EA1}.Release|Any CPU.Build.0 = Release|Any CPU
	EndGlobalSection
	GlobalSection(SolutionProperties) = preSolution
		HideSolutionNode = FALSE
	EndGlobalSection
EndGlobal
